// !$*UTF8*$!
{
	archiveVersion = 1;
	classes = {
	};
	objectVersion = 56;
	objects = {

/* Begin PBXBuildFile section */
		38238908F73190AFE5247DCB /* .gitignore in Resources */ = {isa = PBXBuildFile; fileRef = 38238EEE7614699BF95CEE67 /* .gitignore */; };
		3823892C05091D1FB1A93AC3 /* MyApiFunctions.swift in Sources */ = {isa = PBXBuildFile; fileRef = 3823835BD4559F200897C28C /* MyApiFunctions.swift */; };
		C2837BEE2926C34C00810780 /* sleeperApp.swift in Sources */ = {isa = PBXBuildFile; fileRef = C2837BED2926C34C00810780 /* sleeperApp.swift */; };
		C2837BF02926C34C00810780 /* ContentView.swift in Sources */ = {isa = PBXBuildFile; fileRef = C2837BEF2926C34C00810780 /* ContentView.swift */; };
		C2837BF22926C34C00810780 /* Assets.xcassets in Resources */ = {isa = PBXBuildFile; fileRef = C2837BF12926C34C00810780 /* Assets.xcassets */; };
		C2837BF52926C34C00810780 /* Preview Assets.xcassets in Resources */ = {isa = PBXBuildFile; fileRef = C2837BF42926C34C00810780 /* Preview Assets.xcassets */; };
		C2837C002926C34D00810780 /* sleeperTests.swift in Sources */ = {isa = PBXBuildFile; fileRef = C2837BFF2926C34D00810780 /* sleeperTests.swift */; };
		C2837C0A2926C34D00810780 /* sleeperUITests.swift in Sources */ = {isa = PBXBuildFile; fileRef = C2837C092926C34D00810780 /* sleeperUITests.swift */; };
		C2837C0C2926C34D00810780 /* sleeperUITestsLaunchTests.swift in Sources */ = {isa = PBXBuildFile; fileRef = C2837C0B2926C34D00810780 /* sleeperUITestsLaunchTests.swift */; };
/* End PBXBuildFile section */

/* Begin PBXContainerItemProxy section */
		C2837BFC2926C34D00810780 /* PBXContainerItemProxy */ = {
			isa = PBXContainerItemProxy;
			containerPortal = C2837BE22926C34C00810780 /* Project object */;
			proxyType = 1;
			remoteGlobalIDString = C2837BE92926C34C00810780;
			remoteInfo = sleeper;
		};
		C2837C062926C34D00810780 /* PBXContainerItemProxy */ = {
			isa = PBXContainerItemProxy;
			containerPortal = C2837BE22926C34C00810780 /* Project object */;
			proxyType = 1;
			remoteGlobalIDString = C2837BE92926C34C00810780;
			remoteInfo = sleeper;
		};
/* End PBXContainerItemProxy section */

/* Begin PBXFileReference section */
		3823835BD4559F200897C28C /* MyApiFunctions.swift */ = {isa = PBXFileReference; fileEncoding = 4; lastKnownFileType = sourcecode.swift; path = MyApiFunctions.swift; sourceTree = "<group>"; };
		38238EEE7614699BF95CEE67 /* .gitignore */ = {isa = PBXFileReference; lastKnownFileType = file.gitignore; path = .gitignore; sourceTree = "<group>"; };
		C2837BEA2926C34C00810780 /* sleeper.app */ = {isa = PBXFileReference; explicitFileType = wrapper.application; includeInIndex = 0; path = sleeper.app; sourceTree = BUILT_PRODUCTS_DIR; };
		C2837BED2926C34C00810780 /* sleeperApp.swift */ = {isa = PBXFileReference; lastKnownFileType = sourcecode.swift; path = sleeperApp.swift; sourceTree = "<group>"; };
		C2837BEF2926C34C00810780 /* ContentView.swift */ = {isa = PBXFileReference; lastKnownFileType = sourcecode.swift; path = ContentView.swift; sourceTree = "<group>"; };
		C2837BF12926C34C00810780 /* Assets.xcassets */ = {isa = PBXFileReference; lastKnownFileType = folder.assetcatalog; path = Assets.xcassets; sourceTree = "<group>"; };
		C2837BF42926C34C00810780 /* Preview Assets.xcassets */ = {isa = PBXFileReference; lastKnownFileType = folder.assetcatalog; path = "Preview Assets.xcassets"; sourceTree = "<group>"; };
		C2837BF62926C34C00810780 /* sleeper.entitlements */ = {isa = PBXFileReference; lastKnownFileType = text.plist.entitlements; path = sleeper.entitlements; sourceTree = "<group>"; };
		C2837BFB2926C34D00810780 /* sleeperTests.xctest */ = {isa = PBXFileReference; explicitFileType = wrapper.cfbundle; includeInIndex = 0; path = sleeperTests.xctest; sourceTree = BUILT_PRODUCTS_DIR; };
		C2837BFF2926C34D00810780 /* sleeperTests.swift */ = {isa = PBXFileReference; lastKnownFileType = sourcecode.swift; path = sleeperTests.swift; sourceTree = "<group>"; };
		C2837C052926C34D00810780 /* sleeperUITests.xctest */ = {isa = PBXFileReference; explicitFileType = wrapper.cfbundle; includeInIndex = 0; path = sleeperUITests.xctest; sourceTree = BUILT_PRODUCTS_DIR; };
		C2837C092926C34D00810780 /* sleeperUITests.swift */ = {isa = PBXFileReference; lastKnownFileType = sourcecode.swift; path = sleeperUITests.swift; sourceTree = "<group>"; };
		C2837C0B2926C34D00810780 /* sleeperUITestsLaunchTests.swift */ = {isa = PBXFileReference; lastKnownFileType = sourcecode.swift; path = sleeperUITestsLaunchTests.swift; sourceTree = "<group>"; };
/* End PBXFileReference section */

/* Begin PBXFrameworksBuildPhase section */
		C2837BE72926C34C00810780 /* Frameworks */ = {
			isa = PBXFrameworksBuildPhase;
			buildActionMask = 2147483647;
			files = (
			);
			runOnlyForDeploymentPostprocessing = 0;
		};
		C2837BF82926C34D00810780 /* Frameworks */ = {
			isa = PBXFrameworksBuildPhase;
			buildActionMask = 2147483647;
			files = (
			);
			runOnlyForDeploymentPostprocessing = 0;
		};
		C2837C022926C34D00810780 /* Frameworks */ = {
			isa = PBXFrameworksBuildPhase;
			buildActionMask = 2147483647;
			files = (
			);
			runOnlyForDeploymentPostprocessing = 0;
		};
/* End PBXFrameworksBuildPhase section */

/* Begin PBXGroup section */
		C2837BE12926C34C00810780 = {
			isa = PBXGroup;
			children = (
				C2837BEC2926C34C00810780 /* sleeper */,
				C2837BFE2926C34D00810780 /* sleeperTests */,
				C2837C082926C34D00810780 /* sleeperUITests */,
				C2837BEB2926C34C00810780 /* Products */,
				38238EEE7614699BF95CEE67 /* .gitignore */,
			);
			sourceTree = "<group>";
		};
		C2837BEB2926C34C00810780 /* Products */ = {
			isa = PBXGroup;
			children = (
				C2837BEA2926C34C00810780 /* sleeper.app */,
				C2837BFB2926C34D00810780 /* sleeperTests.xctest */,
				C2837C052926C34D00810780 /* sleeperUITests.xctest */,
			);
			name = Products;
			sourceTree = "<group>";
		};
		C2837BEC2926C34C00810780 /* sleeper */ = {
			isa = PBXGroup;
			children = (
				C2837BED2926C34C00810780 /* sleeperApp.swift */,
				C2837BEF2926C34C00810780 /* ContentView.swift */,
				C2837BF12926C34C00810780 /* Assets.xcassets */,
				C2837BF62926C34C00810780 /* sleeper.entitlements */,
				C2837BF32926C34C00810780 /* Preview Content */,
				3823835BD4559F200897C28C /* MyApiFunctions.swift */,
			);
			path = sleeper;
			sourceTree = "<group>";
		};
		C2837BF32926C34C00810780 /* Preview Content */ = {
			isa = PBXGroup;
			children = (
				C2837BF42926C34C00810780 /* Preview Assets.xcassets */,
			);
			path = "Preview Content";
			sourceTree = "<group>";
		};
		C2837BFE2926C34D00810780 /* sleeperTests */ = {
			isa = PBXGroup;
			children = (
				C2837BFF2926C34D00810780 /* sleeperTests.swift */,
			);
			path = sleeperTests;
			sourceTree = "<group>";
		};
		C2837C082926C34D00810780 /* sleeperUITests */ = {
			isa = PBXGroup;
			children = (
				C2837C092926C34D00810780 /* sleeperUITests.swift */,
				C2837C0B2926C34D00810780 /* sleeperUITestsLaunchTests.swift */,
			);
			path = sleeperUITests;
			sourceTree = "<group>";
		};
/* End PBXGroup section */

/* Begin PBXNativeTarget section */
		C2837BE92926C34C00810780 /* sleeper */ = {
			isa = PBXNativeTarget;
			buildConfigurationList = C2837C0F2926C34D00810780 /* Build configuration list for PBXNativeTarget "sleeper" */;
			buildPhases = (
				C2837BE62926C34C00810780 /* Sources */,
				C2837BE72926C34C00810780 /* Frameworks */,
				C2837BE82926C34C00810780 /* Resources */,
			);
			buildRules = (
			);
			dependencies = (
			);
			name = sleeper;
			productName = sleeper;
			productReference = C2837BEA2926C34C00810780 /* sleeper.app */;
			productType = "com.apple.product-type.application";
		};
		C2837BFA2926C34D00810780 /* sleeperTests */ = {
			isa = PBXNativeTarget;
			buildConfigurationList = C2837C122926C34D00810780 /* Build configuration list for PBXNativeTarget "sleeperTests" */;
			buildPhases = (
				C2837BF72926C34D00810780 /* Sources */,
				C2837BF82926C34D00810780 /* Frameworks */,
				C2837BF92926C34D00810780 /* Resources */,
			);
			buildRules = (
			);
			dependencies = (
				C2837BFD2926C34D00810780 /* PBXTargetDependency */,
			);
			name = sleeperTests;
			productName = sleeperTests;
			productReference = C2837BFB2926C34D00810780 /* sleeperTests.xctest */;
			productType = "com.apple.product-type.bundle.unit-test";
		};
		C2837C042926C34D00810780 /* sleeperUITests */ = {
			isa = PBXNativeTarget;
			buildConfigurationList = C2837C152926C34D00810780 /* Build configuration list for PBXNativeTarget "sleeperUITests" */;
			buildPhases = (
				C2837C012926C34D00810780 /* Sources */,
				C2837C022926C34D00810780 /* Frameworks */,
				C2837C032926C34D00810780 /* Resources */,
			);
			buildRules = (
			);
			dependencies = (
				C2837C072926C34D00810780 /* PBXTargetDependency */,
			);
			name = sleeperUITests;
			productName = sleeperUITests;
			productReference = C2837C052926C34D00810780 /* sleeperUITests.xctest */;
			productType = "com.apple.product-type.bundle.ui-testing";
		};
/* End PBXNativeTarget section */

/* Begin PBXProject section */
		C2837BE22926C34C00810780 /* Project object */ = {
			isa = PBXProject;
			attributes = {
				BuildIndependentTargetsInParallel = 1;
				LastSwiftUpdateCheck = 1410;
				LastUpgradeCheck = 1410;
				TargetAttributes = {
					C2837BE92926C34C00810780 = {
						CreatedOnToolsVersion = 14.1;
					};
					C2837BFA2926C34D00810780 = {
						CreatedOnToolsVersion = 14.1;
						TestTargetID = C2837BE92926C34C00810780;
					};
					C2837C042926C34D00810780 = {
						CreatedOnToolsVersion = 14.1;
						TestTargetID = C2837BE92926C34C00810780;
					};
				};
			};
			buildConfigurationList = C2837BE52926C34C00810780 /* Build configuration list for PBXProject "sleeper" */;
			compatibilityVersion = "Xcode 14.0";
			developmentRegion = en;
			hasScannedForEncodings = 0;
			knownRegions = (
				en,
				Base,
			);
			mainGroup = C2837BE12926C34C00810780;
			productRefGroup = C2837BEB2926C34C00810780 /* Products */;
			projectDirPath = "";
			projectRoot = "";
			targets = (
				C2837BE92926C34C00810780 /* sleeper */,
				C2837BFA2926C34D00810780 /* sleeperTests */,
				C2837C042926C34D00810780 /* sleeperUITests */,
			);
		};
/* End PBXProject section */

/* Begin PBXResourcesBuildPhase section */
		C2837BE82926C34C00810780 /* Resources */ = {
			isa = PBXResourcesBuildPhase;
			buildActionMask = 2147483647;
			files = (
				C2837BF52926C34C00810780 /* Preview Assets.xcassets in Resources */,
				C2837BF22926C34C00810780 /* Assets.xcassets in Resources */,
				38238908F73190AFE5247DCB /* .gitignore in Resources */,
			);
			runOnlyForDeploymentPostprocessing = 0;
		};
		C2837BF92926C34D00810780 /* Resources */ = {
			isa = PBXResourcesBuildPhase;
			buildActionMask = 2147483647;
			files = (
			);
			runOnlyForDeploymentPostprocessing = 0;
		};
		C2837C032926C34D00810780 /* Resources */ = {
			isa = PBXResourcesBuildPhase;
			buildActionMask = 2147483647;
			files = (
			);
			runOnlyForDeploymentPostprocessing = 0;
		};
/* End PBXResourcesBuildPhase section */

/* Begin PBXSourcesBuildPhase section */
		C2837BE62926C34C00810780 /* Sources */ = {
			isa = PBXSourcesBuildPhase;
			buildActionMask = 2147483647;
			files = (
				C2837BF02926C34C00810780 /* ContentView.swift in Sources */,
				C2837BEE2926C34C00810780 /* sleeperApp.swift in Sources */,
				3823892C05091D1FB1A93AC3 /* MyApiFunctions.swift in Sources */,
			);
			runOnlyForDeploymentPostprocessing = 0;
		};
		C2837BF72926C34D00810780 /* Sources */ = {
			isa = PBXSourcesBuildPhase;
			buildActionMask = 2147483647;
			files = (
				C2837C002926C34D00810780 /* sleeperTests.swift in Sources */,
			);
			runOnlyForDeploymentPostprocessing = 0;
		};
		C2837C012926C34D00810780 /* Sources */ = {
			isa = PBXSourcesBuildPhase;
			buildActionMask = 2147483647;
			files = (
				C2837C0A2926C34D00810780 /* sleeperUITests.swift in Sources */,
				C2837C0C2926C34D00810780 /* sleeperUITestsLaunchTests.swift in Sources */,
			);
			runOnlyForDeploymentPostprocessing = 0;
		};
/* End PBXSourcesBuildPhase section */

/* Begin PBXTargetDependency section */
		C2837BFD2926C34D00810780 /* PBXTargetDependency */ = {
			isa = PBXTargetDependency;
			target = C2837BE92926C34C00810780 /* sleeper */;
			targetProxy = C2837BFC2926C34D00810780 /* PBXContainerItemProxy */;
		};
		C2837C072926C34D00810780 /* PBXTargetDependency */ = {
			isa = PBXTargetDependency;
			target = C2837BE92926C34C00810780 /* sleeper */;
			targetProxy = C2837C062926C34D00810780 /* PBXContainerItemProxy */;
		};
/* End PBXTargetDependency section */

/* Begin XCBuildConfiguration section */
		C2837C0D2926C34D00810780 /* Debug */ = {
			isa = XCBuildConfiguration;
			buildSettings = {
				ALWAYS_SEARCH_USER_PATHS = NO;
				CLANG_ANALYZER_NONNULL = YES;
				CLANG_ANALYZER_NUMBER_OBJECT_CONVERSION = YES_AGGRESSIVE;
				CLANG_CXX_LANGUAGE_STANDARD = "gnu++20";
				CLANG_ENABLE_MODULES = YES;
				CLANG_ENABLE_OBJC_ARC = YES;
				CLANG_ENABLE_OBJC_WEAK = YES;
				CLANG_WARN_BLOCK_CAPTURE_AUTORELEASING = YES;
				CLANG_WARN_BOOL_CONVERSION = YES;
				CLANG_WARN_COMMA = YES;
				CLANG_WARN_CONSTANT_CONVERSION = YES;
				CLANG_WARN_DEPRECATED_OBJC_IMPLEMENTATIONS = YES;
				CLANG_WARN_DIRECT_OBJC_ISA_USAGE = YES_ERROR;
				CLANG_WARN_DOCUMENTATION_COMMENTS = YES;
				CLANG_WARN_EMPTY_BODY = YES;
				CLANG_WARN_ENUM_CONVERSION = YES;
				CLANG_WARN_INFINITE_RECURSION = YES;
				CLANG_WARN_INT_CONVERSION = YES;
				CLANG_WARN_NON_LITERAL_NULL_CONVERSION = YES;
				CLANG_WARN_OBJC_IMPLICIT_RETAIN_SELF = YES;
				CLANG_WARN_OBJC_LITERAL_CONVERSION = YES;
				CLANG_WARN_OBJC_ROOT_CLASS = YES_ERROR;
				CLANG_WARN_QUOTED_INCLUDE_IN_FRAMEWORK_HEADER = YES;
				CLANG_WARN_RANGE_LOOP_ANALYSIS = YES;
				CLANG_WARN_STRICT_PROTOTYPES = YES;
				CLANG_WARN_SUSPICIOUS_MOVE = YES;
				CLANG_WARN_UNGUARDED_AVAILABILITY = YES_AGGRESSIVE;
				CLANG_WARN_UNREACHABLE_CODE = YES;
				CLANG_WARN__DUPLICATE_METHOD_MATCH = YES;
				COPY_PHASE_STRIP = NO;
				DEBUG_INFORMATION_FORMAT = dwarf;
				ENABLE_STRICT_OBJC_MSGSEND = YES;
				ENABLE_TESTABILITY = YES;
				GCC_C_LANGUAGE_STANDARD = gnu11;
				GCC_DYNAMIC_NO_PIC = NO;
				GCC_NO_COMMON_BLOCKS = YES;
				GCC_OPTIMIZATION_LEVEL = 0;
				GCC_PREPROCESSOR_DEFINITIONS = (
					"DEBUG=1",
					"$(inherited)",
				);
				GCC_WARN_64_TO_32_BIT_CONVERSION = YES;
				GCC_WARN_ABOUT_RETURN_TYPE = YES_ERROR;
				GCC_WARN_UNDECLARED_SELECTOR = YES;
				GCC_WARN_UNINITIALIZED_AUTOS = YES_AGGRESSIVE;
				GCC_WARN_UNUSED_FUNCTION = YES;
				GCC_WARN_UNUSED_VARIABLE = YES;
				MACOSX_DEPLOYMENT_TARGET = 13.0;
				MTL_ENABLE_DEBUG_INFO = INCLUDE_SOURCE;
				MTL_FAST_MATH = YES;
				ONLY_ACTIVE_ARCH = YES;
				SDKROOT = macosx;
				SWIFT_ACTIVE_COMPILATION_CONDITIONS = DEBUG;
				SWIFT_OPTIMIZATION_LEVEL = "-Onone";
			};
			name = Debug;
		};
		C2837C0E2926C34D00810780 /* Release */ = {
			isa = XCBuildConfiguration;
			buildSettings = {
				ALWAYS_SEARCH_USER_PATHS = NO;
				CLANG_ANALYZER_NONNULL = YES;
				CLANG_ANALYZER_NUMBER_OBJECT_CONVERSION = YES_AGGRESSIVE;
				CLANG_CXX_LANGUAGE_STANDARD = "gnu++20";
				CLANG_ENABLE_MODULES = YES;
				CLANG_ENABLE_OBJC_ARC = YES;
				CLANG_ENABLE_OBJC_WEAK = YES;
				CLANG_WARN_BLOCK_CAPTURE_AUTORELEASING = YES;
				CLANG_WARN_BOOL_CONVERSION = YES;
				CLANG_WARN_COMMA = YES;
				CLANG_WARN_CONSTANT_CONVERSION = YES;
				CLANG_WARN_DEPRECATED_OBJC_IMPLEMENTATIONS = YES;
				CLANG_WARN_DIRECT_OBJC_ISA_USAGE = YES_ERROR;
				CLANG_WARN_DOCUMENTATION_COMMENTS = YES;
				CLANG_WARN_EMPTY_BODY = YES;
				CLANG_WARN_ENUM_CONVERSION = YES;
				CLANG_WARN_INFINITE_RECURSION = YES;
				CLANG_WARN_INT_CONVERSION = YES;
				CLANG_WARN_NON_LITERAL_NULL_CONVERSION = YES;
				CLANG_WARN_OBJC_IMPLICIT_RETAIN_SELF = YES;
				CLANG_WARN_OBJC_LITERAL_CONVERSION = YES;
				CLANG_WARN_OBJC_ROOT_CLASS = YES_ERROR;
				CLANG_WARN_QUOTED_INCLUDE_IN_FRAMEWORK_HEADER = YES;
				CLANG_WARN_RANGE_LOOP_ANALYSIS = YES;
				CLANG_WARN_STRICT_PROTOTYPES = YES;
				CLANG_WARN_SUSPICIOUS_MOVE = YES;
				CLANG_WARN_UNGUARDED_AVAILABILITY = YES_AGGRESSIVE;
				CLANG_WARN_UNREACHABLE_CODE = YES;
				CLANG_WARN__DUPLICATE_METHOD_MATCH = YES;
				COPY_PHASE_STRIP = NO;
				DEBUG_INFORMATION_FORMAT = "dwarf-with-dsym";
				ENABLE_NS_ASSERTIONS = NO;
				ENABLE_STRICT_OBJC_MSGSEND = YES;
				GCC_C_LANGUAGE_STANDARD = gnu11;
				GCC_NO_COMMON_BLOCKS = YES;
				GCC_WARN_64_TO_32_BIT_CONVERSION = YES;
				GCC_WARN_ABOUT_RETURN_TYPE = YES_ERROR;
				GCC_WARN_UNDECLARED_SELECTOR = YES;
				GCC_WARN_UNINITIALIZED_AUTOS = YES_AGGRESSIVE;
				GCC_WARN_UNUSED_FUNCTION = YES;
				GCC_WARN_UNUSED_VARIABLE = YES;
				MACOSX_DEPLOYMENT_TARGET = 13.0;
				MTL_ENABLE_DEBUG_INFO = NO;
				MTL_FAST_MATH = YES;
				SDKROOT = macosx;
				SWIFT_COMPILATION_MODE = wholemodule;
				SWIFT_OPTIMIZATION_LEVEL = "-O";
			};
			name = Release;
		};
		C2837C102926C34D00810780 /* Debug */ = {
			isa = XCBuildConfiguration;
			buildSettings = {
				ASSETCATALOG_COMPILER_APPICON_NAME = AppIcon;
				ASSETCATALOG_COMPILER_GLOBAL_ACCENT_COLOR_NAME = AccentColor;
				CODE_SIGN_ENTITLEMENTS = sleeper/sleeper.entitlements;
				CODE_SIGN_STYLE = Automatic;
				COMBINE_HIDPI_IMAGES = YES;
				CURRENT_PROJECT_VERSION = 1;
				DEVELOPMENT_ASSET_PATHS = "\"sleeper/Preview Content\"";
				DEVELOPMENT_TEAM = 55K26JK98Y;
				ENABLE_HARDENED_RUNTIME = YES;
				ENABLE_PREVIEWS = YES;
				GENERATE_INFOPLIST_FILE = YES;
				INFOPLIST_KEY_LSUIElement = YES;
				INFOPLIST_KEY_NSHumanReadableCopyright = "";
				LD_RUNPATH_SEARCH_PATHS = (
					"$(inherited)",
					"@executable_path/../Frameworks",
				);
				MARKETING_VERSION = 1.0;
				PRODUCT_BUNDLE_IDENTIFIER = indv.bozgur.sleeper;
				PRODUCT_NAME = "$(TARGET_NAME)";
				SWIFT_EMIT_LOC_STRINGS = YES;
				SWIFT_VERSION = 5.0;
			};
			name = Debug;
		};
		C2837C112926C34D00810780 /* Release */ = {
			isa = XCBuildConfiguration;
			buildSettings = {
				ASSETCATALOG_COMPILER_APPICON_NAME = AppIcon;
				ASSETCATALOG_COMPILER_GLOBAL_ACCENT_COLOR_NAME = AccentColor;
				CODE_SIGN_ENTITLEMENTS = sleeper/sleeper.entitlements;
				CODE_SIGN_STYLE = Automatic;
				COMBINE_HIDPI_IMAGES = YES;
				CURRENT_PROJECT_VERSION = 1;
				DEVELOPMENT_ASSET_PATHS = "\"sleeper/Preview Content\"";
				DEVELOPMENT_TEAM = 55K26JK98Y;
				ENABLE_HARDENED_RUNTIME = YES;
				ENABLE_PREVIEWS = YES;
				GENERATE_INFOPLIST_FILE = YES;
				INFOPLIST_KEY_LSUIElement = YES;
				INFOPLIST_KEY_NSHumanReadableCopyright = "";
				LD_RUNPATH_SEARCH_PATHS = (
					"$(inherited)",
					"@executable_path/../Frameworks",
				);
				MARKETING_VERSION = 1.0;
				PRODUCT_BUNDLE_IDENTIFIER = indv.bozgur.sleeper;
				PRODUCT_NAME = "$(TARGET_NAME)";
				SWIFT_EMIT_LOC_STRINGS = YES;
				SWIFT_VERSION = 5.0;
			};
			name = Release;
		};
		C2837C132926C34D00810780 /* Debug */ = {
			isa = XCBuildConfiguration;
			buildSettings = {
				ALWAYS_EMBED_SWIFT_STANDARD_LIBRARIES = YES;
				BUNDLE_LOADER = "$(TEST_HOST)";
				CODE_SIGN_STYLE = Automatic;
				CURRENT_PROJECT_VERSION = 1;
				DEVELOPMENT_TEAM = 55K26JK98Y;
				GENERATE_INFOPLIST_FILE = YES;
				MACOSX_DEPLOYMENT_TARGET = 13.0;
				MARKETING_VERSION = 1.0;
				PRODUCT_BUNDLE_IDENTIFIER = indv.bozgur.sleeperTests;
				PRODUCT_NAME = "$(TARGET_NAME)";
				SWIFT_EMIT_LOC_STRINGS = NO;
				SWIFT_VERSION = 5.0;
				TEST_HOST = "$(BUILT_PRODUCTS_DIR)/sleeper.app/$(BUNDLE_EXECUTABLE_FOLDER_PATH)/sleeper";
			};
			name = Debug;
		};
		C2837C142926C34D00810780 /* Release */ = {
			isa = XCBuildConfiguration;
			buildSettings = {
				ALWAYS_EMBED_SWIFT_STANDARD_LIBRARIES = YES;
				BUNDLE_LOADER = "$(TEST_HOST)";
				CODE_SIGN_STYLE = Automatic;
				CURRENT_PROJECT_VERSION = 1;
				DEVELOPMENT_TEAM = 55K26JK98Y;
				GENERATE_INFOPLIST_FILE = YES;
				MACOSX_DEPLOYMENT_TARGET = 13.0;
				MARKETING_VERSION = 1.0;
				PRODUCT_BUNDLE_IDENTIFIER = indv.bozgur.sleeperTests;
				PRODUCT_NAME = "$(TARGET_NAME)";
				SWIFT_EMIT_LOC_STRINGS = NO;
				SWIFT_VERSION = 5.0;
				TEST_HOST = "$(BUILT_PRODUCTS_DIR)/sleeper.app/$(BUNDLE_EXECUTABLE_FOLDER_PATH)/sleeper";
			};
			name = Release;
		};
		C2837C162926C34D00810780 /* Debug */ = {
			isa = XCBuildConfiguration;
			buildSettings = {
				ALWAYS_EMBED_SWIFT_STANDARD_LIBRARIES = YES;
				CODE_SIGN_STYLE = Automatic;
				CURRENT_PROJECT_VERSION = 1;
				DEVELOPMENT_TEAM = 55K26JK98Y;
				GENERATE_INFOPLIST_FILE = YES;
				MARKETING_VERSION = 1.0;
				PRODUCT_BUNDLE_IDENTIFIER = indv.bozgur.sleeperUITests;
				PRODUCT_NAME = "$(TARGET_NAME)";
				SWIFT_EMIT_LOC_STRINGS = NO;
				SWIFT_VERSION = 5.0;
				TEST_TARGET_NAME = sleeper;
			};
			name = Debug;
		};
		C2837C172926C34D00810780 /* Release */ = {
			isa = XCBuildConfiguration;
			buildSettings = {
				ALWAYS_EMBED_SWIFT_STANDARD_LIBRARIES = YES;
				CODE_SIGN_STYLE = Automatic;
				CURRENT_PROJECT_VERSION = 1;
				DEVELOPMENT_TEAM = 55K26JK98Y;
				GENERATE_INFOPLIST_FILE = YES;
				MARKETING_VERSION = 1.0;
				PRODUCT_BUNDLE_IDENTIFIER = indv.bozgur.sleeperUITests;
				PRODUCT_NAME = "$(TARGET_NAME)";
				SWIFT_EMIT_LOC_STRINGS = NO;
				SWIFT_VERSION = 5.0;
				TEST_TARGET_NAME = sleeper;
			};
			name = Release;
		};
/* End XCBuildConfiguration section */

/* Begin XCConfigurationList section */
		C2837BE52926C34C00810780 /* Build configuration list for PBXProject "sleeper" */ = {
			isa = XCConfigurationList;
			buildConfigurations = (
				C2837C0D2926C34D00810780 /* Debug */,
				C2837C0E2926C34D00810780 /* Release */,
			);
			defaultConfigurationIsVisible = 0;
			defaultConfigurationName = Release;
		};
		C2837C0F2926C34D00810780 /* Build configuration list for PBXNativeTarget "sleeper" */ = {
			isa = XCConfigurationList;
			buildConfigurations = (
				C2837C102926C34D00810780 /* Debug */,
				C2837C112926C34D00810780 /* Release */,
			);
			defaultConfigurationIsVisible = 0;
			defaultConfigurationName = Release;
		};
		C2837C122926C34D00810780 /* Build configuration list for PBXNativeTarget "sleeperTests" */ = {
			isa = XCConfigurationList;
			buildConfigurations = (
				C2837C132926C34D00810780 /* Debug */,
				C2837C142926C34D00810780 /* Release */,
			);
			defaultConfigurationIsVisible = 0;
			defaultConfigurationName = Release;
		};
		C2837C152926C34D00810780 /* Build configuration list for PBXNativeTarget "sleeperUITests" */ = {
			isa = XCConfigurationList;
			buildConfigurations = (
				C2837C162926C34D00810780 /* Debug */,
				C2837C172926C34D00810780 /* Release */,
			);
			defaultConfigurationIsVisible = 0;
			defaultConfigurationName = Release;
		};
/* End XCConfigurationList section */
	};
	rootObject = C2837BE22926C34C00810780 /* Project object */;
}
